
Microsoft Visual Studio Solution File, Format Version 12.00
# Visual Studio Version 16
VisualStudioVersion = 16.0.29709.97
MinimumVisualStudioVersion = 10.0.40219.1
Project("{FAE04EC0-301F-11D3-BF4B-00C04F79EFBC}") = "EnglishCollector", "EnglishCollector\EnglishCollector.csproj", "{8ED741AD-CC85-472F-AAC7-7953236EEF83}"
EndProject
Global
	GlobalSection(SolutionConfigurationPlatforms) = preSolution
		Debug|Any CPU = Debug|Any CPU
		Release|Any CPU = Release|Any CPU
	EndGlobalSection
	GlobalSection(ProjectConfigurationPlatforms) = postSolution
		{8ED741AD-CC85-472F-AAC7-7953236EEF83}.Debug|Any CPU.ActiveCfg = Debug|Any CPU
		{8ED741AD-CC85-472F-AAC7-7953236EEF83}.Debug|Any CPU.Build.0 = Debug|Any CPU
		{8ED741AD-CC85-472F-AAC7-7953236EEF83}.Release|Any CPU.ActiveCfg = Release|Any CPU
		{8ED741AD-CC85-472F-AAC7-7953236EEF83}.Release|Any CPU.Build.0 = Release|Any CPU
	EndGlobalSection
	GlobalSection(SolutionProperties) = preSolution
		HideSolutionNode = FALSE
	EndGlobalSection
	GlobalSection(ExtensibilityGlobals) = postSolution
		SolutionGuid = {3A117A29-177F-4E00-8A80-4D9E912C3914}
	EndGlobalSection
EndGlobal
